
Microsoft Visual Studio Solution File, Format Version 12.00
# Visual Studio Version 16
VisualStudioVersion = 16.0.31402.337
MinimumVisualStudioVersion = 10.0.40219.1
Project("{FAE04EC0-301F-11D3-BF4B-00C04F79EFBC}") = "DacTa", "DacTa\DacTa.csproj", "{36F62118-45A5-41C0-A9CF-28093E01D025}"
EndProject
Global
	GlobalSection(SolutionConfigurationPlatforms) = preSolution
		Debug|Any CPU = Debug|Any CPU
		Release|Any CPU = Release|Any CPU
	EndGlobalSection
	GlobalSection(ProjectConfigurationPlatforms) = postSolution
		{36F62118-45A5-41C0-A9CF-28093E01D025}.Debug|Any CPU.ActiveCfg = Debug|Any CPU
		{36F62118-45A5-41C0-A9CF-28093E01D025}.Debug|Any CPU.Build.0 = Debug|Any CPU
		{36F62118-45A5-41C0-A9CF-28093E01D025}.Release|Any CPU.ActiveCfg = Release|Any CPU
		{36F62118-45A5-41C0-A9CF-28093E01D025}.Release|Any CPU.Build.0 = Release|Any CPU
	EndGlobalSection
	GlobalSection(SolutionProperties) = preSolution
		HideSolutionNode = FALSE
	EndGlobalSection
	GlobalSection(ExtensibilityGlobals) = postSolution
		SolutionGuid = {73F36E0D-96F8-4D3C-B216-62CAE1F30139}
	EndGlobalSection
EndGlobal
